
Microsoft Visual Studio Solution File, Format Version 12.00
# Visual Studio Version 16
VisualStudioVersion = 16.0.29905.134
MinimumVisualStudioVersion = 15.0.26124.0
Project("{9A19103F-16F7-4668-BE54-9A1E7A4F7556}") = "Worksheet.Parser", "WorkSheet.Parser\Worksheet.Parser.csproj", "{29546485-7698-47A1-A91C-3B1F972D5F16}"
EndProject
Project("{9A19103F-16F7-4668-BE54-9A1E7A4F7556}") = "Worksheet.Parser.ClosedXml", "WorkSheet.Parser.ClosedXml\Worksheet.Parser.ClosedXml.csproj", "{8D24B1DE-2A52-4560-A433-98010824FF9C}"
EndProject
Project("{9A19103F-16F7-4668-BE54-9A1E7A4F7556}") = "Worksheet.Parser.AspNet", "Worksheet.Parser.AspNet\Worksheet.Parser.AspNet.csproj", "{9D2C9F9D-4C08-40CE-AE68-D1963ADDCBE7}"
EndProject
Project("{2150E333-8FDC-42A3-9474-1A3956D46DE8}") = "Samples", "Samples", "{E68F82AA-FFFD-4A8B-A32C-A8E0184221D9}"
EndProject
Project("{9A19103F-16F7-4668-BE54-9A1E7A4F7556}") = "Worksheet.Parser.Api.Sample", "Samples\Worksheet.Parser.Api.Sample\Worksheet.Parser.Api.Sample.csproj", "{C13A8E1F-C314-40DB-B8F3-43F829BDFC9D}"
EndProject
Global
	GlobalSection(SolutionConfigurationPlatforms) = preSolution
		Debug|Any CPU = Debug|Any CPU
		Debug|x64 = Debug|x64
		Debug|x86 = Debug|x86
		Release|Any CPU = Release|Any CPU
		Release|x64 = Release|x64
		Release|x86 = Release|x86
	EndGlobalSection
	GlobalSection(ProjectConfigurationPlatforms) = postSolution
		{29546485-7698-47A1-A91C-3B1F972D5F16}.Debug|Any CPU.ActiveCfg = Debug|Any CPU
		{29546485-7698-47A1-A91C-3B1F972D5F16}.Debug|Any CPU.Build.0 = Debug|Any CPU
		{29546485-7698-47A1-A91C-3B1F972D5F16}.Debug|x64.ActiveCfg = Debug|Any CPU
		{29546485-7698-47A1-A91C-3B1F972D5F16}.Debug|x64.Build.0 = Debug|Any CPU
		{29546485-7698-47A1-A91C-3B1F972D5F16}.Debug|x86.ActiveCfg = Debug|Any CPU
		{29546485-7698-47A1-A91C-3B1F972D5F16}.Debug|x86.Build.0 = Debug|Any CPU
		{29546485-7698-47A1-A91C-3B1F972D5F16}.Release|Any CPU.ActiveCfg = Release|Any CPU
		{29546485-7698-47A1-A91C-3B1F972D5F16}.Release|Any CPU.Build.0 = Release|Any CPU
		{29546485-7698-47A1-A91C-3B1F972D5F16}.Release|x64.ActiveCfg = Release|Any CPU
		{29546485-7698-47A1-A91C-3B1F972D5F16}.Release|x64.Build.0 = Release|Any CPU
		{29546485-7698-47A1-A91C-3B1F972D5F16}.Release|x86.ActiveCfg = Release|Any CPU
		{29546485-7698-47A1-A91C-3B1F972D5F16}.Release|x86.Build.0 = Release|Any CPU
		{8D24B1DE-2A52-4560-A433-98010824FF9C}.Debug|Any CPU.ActiveCfg = Debug|Any CPU
		{8D24B1DE-2A52-4560-A433-98010824FF9C}.Debug|Any CPU.Build.0 = Debug|Any CPU
		{8D24B1DE-2A52-4560-A433-98010824FF9C}.Debug|x64.ActiveCfg = Debug|Any CPU
		{8D24B1DE-2A52-4560-A433-98010824FF9C}.Debug|x64.Build.0 = Debug|Any CPU
		{8D24B1DE-2A52-4560-A433-98010824FF9C}.Debug|x86.ActiveCfg = Debug|Any CPU
		{8D24B1DE-2A52-4560-A433-98010824FF9C}.Debug|x86.Build.0 = Debug|Any CPU
		{8D24B1DE-2A52-4560-A433-98010824FF9C}.Release|Any CPU.ActiveCfg = Release|Any CPU
		{8D24B1DE-2A52-4560-A433-98010824FF9C}.Release|Any CPU.Build.0 = Release|Any CPU
		{8D24B1DE-2A52-4560-A433-98010824FF9C}.Release|x64.ActiveCfg = Release|Any CPU
		{8D24B1DE-2A52-4560-A433-98010824FF9C}.Release|x64.Build.0 = Release|Any CPU
		{8D24B1DE-2A52-4560-A433-98010824FF9C}.Release|x86.ActiveCfg = Release|Any CPU
		{8D24B1DE-2A52-4560-A433-98010824FF9C}.Release|x86.Build.0 = Release|Any CPU
		{9D2C9F9D-4C08-40CE-AE68-D1963ADDCBE7}.Debug|Any CPU.ActiveCfg = Debug|Any CPU
		{9D2C9F9D-4C08-40CE-AE68-D1963ADDCBE7}.Debug|Any CPU.Build.0 = Debug|Any CPU
		{9D2C9F9D-4C08-40CE-AE68-D1963ADDCBE7}.Debug|x64.ActiveCfg = Debug|Any CPU
		{9D2C9F9D-4C08-40CE-AE68-D1963ADDCBE7}.Debug|x64.Build.0 = Debug|Any CPU
		{9D2C9F9D-4C08-40CE-AE68-D1963ADDCBE7}.Debug|x86.ActiveCfg = Debug|Any CPU
		{9D2C9F9D-4C08-40CE-AE68-D1963ADDCBE7}.Debug|x86.Build.0 = Debug|Any CPU
		{9D2C9F9D-4C08-40CE-AE68-D1963ADDCBE7}.Release|Any CPU.ActiveCfg = Release|Any CPU
		{9D2C9F9D-4C08-40CE-AE68-D1963ADDCBE7}.Release|Any CPU.Build.0 = Release|Any CPU
		{9D2C9F9D-4C08-40CE-AE68-D1963ADDCBE7}.Release|x64.ActiveCfg = Release|Any CPU
		{9D2C9F9D-4C08-40CE-AE68-D1963ADDCBE7}.Release|x64.Build.0 = Release|Any CPU
		{9D2C9F9D-4C08-40CE-AE68-D1963ADDCBE7}.Release|x86.ActiveCfg = Release|Any CPU
		{9D2C9F9D-4C08-40CE-AE68-D1963ADDCBE7}.Release|x86.Build.0 = Release|Any CPU
		{C13A8E1F-C314-40DB-B8F3-43F829BDFC9D}.Debug|Any CPU.ActiveCfg = Debug|Any CPU
		{C13A8E1F-C314-40DB-B8F3-43F829BDFC9D}.Debug|Any CPU.Build.0 = Debug|Any CPU
		{C13A8E1F-C314-40DB-B8F3-43F829BDFC9D}.Debug|x64.ActiveCfg = Debug|Any CPU
		{C13A8E1F-C314-40DB-B8F3-43F829BDFC9D}.Debug|x64.Build.0 = Debug|Any CPU
		{C13A8E1F-C314-40DB-B8F3-43F829BDFC9D}.Debug|x86.ActiveCfg = Debug|Any CPU
		{C13A8E1F-C314-40DB-B8F3-43F829BDFC9D}.Debug|x86.Build.0 = Debug|Any CPU
		{C13A8E1F-C314-40DB-B8F3-43F829BDFC9D}.Release|Any CPU.ActiveCfg = Release|Any CPU
		{C13A8E1F-C314-40DB-B8F3-43F829BDFC9D}.Release|Any CPU.Build.0 = Release|Any CPU
		{C13A8E1F-C314-40DB-B8F3-43F829BDFC9D}.Release|x64.ActiveCfg = Release|Any CPU
		{C13A8E1F-C314-40DB-B8F3-43F829BDFC9D}.Release|x64.Build.0 = Release|Any CPU
		{C13A8E1F-C314-40DB-B8F3-43F829BDFC9D}.Release|x86.ActiveCfg = Release|Any CPU
		{C13A8E1F-C314-40DB-B8F3-43F829BDFC9D}.Release|x86.Build.0 = Release|Any CPU
	EndGlobalSection
	GlobalSection(SolutionProperties) = preSolution
		HideSolutionNode = FALSE
	EndGlobalSection
	GlobalSection(NestedProjects) = preSolution
		{C13A8E1F-C314-40DB-B8F3-43F829BDFC9D} = {E68F82AA-FFFD-4A8B-A32C-A8E0184221D9}
	EndGlobalSection
	GlobalSection(ExtensibilityGlobals) = postSolution
		SolutionGuid = {3E208959-705E-4CF4-88DC-6DD21A10E251}
	EndGlobalSection
EndGlobal
